
Microsoft Visual Studio Solution File, Format Version 12.00
# Visual Studio Version 16
VisualStudioVersion = 16.0.30717.126
MinimumVisualStudioVersion = 10.0.40219.1
Project("{FAE04EC0-301F-11D3-BF4B-00C04F79EFBC}") = "Sierpinski triunghi", "Sierpinski triunghi\Sierpinski triunghi.csproj", "{D132A030-05C6-4EEA-811F-B72D9448D918}"
EndProject
Global
	GlobalSection(SolutionConfigurationPlatforms) = preSolution
		Debug|Any CPU = Debug|Any CPU
		Release|Any CPU = Release|Any CPU
	EndGlobalSection
	GlobalSection(ProjectConfigurationPlatforms) = postSolution
		{D132A030-05C6-4EEA-811F-B72D9448D918}.Debug|Any CPU.ActiveCfg = Debug|Any CPU
		{D132A030-05C6-4EEA-811F-B72D9448D918}.Debug|Any CPU.Build.0 = Debug|Any CPU
		{D132A030-05C6-4EEA-811F-B72D9448D918}.Release|Any CPU.ActiveCfg = Release|Any CPU
		{D132A030-05C6-4EEA-811F-B72D9448D918}.Release|Any CPU.Build.0 = Release|Any CPU
	EndGlobalSection
	GlobalSection(SolutionProperties) = preSolution
		HideSolutionNode = FALSE
	EndGlobalSection
	GlobalSection(ExtensibilityGlobals) = postSolution
		SolutionGuid = {13F63C78-5B47-4FCA-89A0-C680400CCB11}
	EndGlobalSection
EndGlobal
