
Microsoft Visual Studio Solution File, Format Version 12.00
# Visual Studio Version 16
VisualStudioVersion = 16.0.30621.155
MinimumVisualStudioVersion = 10.0.40219.1
Project("{FAE04EC0-301F-11D3-BF4B-00C04F79EFBC}") = "Laborator_6", "Laborator_6.csproj", "{B1C0FF6A-6F08-4445-B3B6-84AF895C8133}"
EndProject
Global
	GlobalSection(SolutionConfigurationPlatforms) = preSolution
		Debug|Any CPU = Debug|Any CPU
		Release|Any CPU = Release|Any CPU
	EndGlobalSection
	GlobalSection(ProjectConfigurationPlatforms) = postSolution
		{B1C0FF6A-6F08-4445-B3B6-84AF895C8133}.Debug|Any CPU.ActiveCfg = Debug|Any CPU
		{B1C0FF6A-6F08-4445-B3B6-84AF895C8133}.Debug|Any CPU.Build.0 = Debug|Any CPU
		{B1C0FF6A-6F08-4445-B3B6-84AF895C8133}.Release|Any CPU.ActiveCfg = Release|Any CPU
		{B1C0FF6A-6F08-4445-B3B6-84AF895C8133}.Release|Any CPU.Build.0 = Release|Any CPU
	EndGlobalSection
	GlobalSection(SolutionProperties) = preSolution
		HideSolutionNode = FALSE
	EndGlobalSection
	GlobalSection(ExtensibilityGlobals) = postSolution
		SolutionGuid = {E666514A-F73D-4834-9231-8E328BA57103}
	EndGlobalSection
EndGlobal
